
Microsoft Visual Studio Solution File, Format Version 12.00
# Visual Studio Version 17
VisualStudioVersion = 17.13.35919.96 d17.13
MinimumVisualStudioVersion = 10.0.40219.1
Project("{FAE04EC0-301F-11D3-BF4B-00C04F79EFBC}") = "OsuMapDownloader", "OsuMapDownloader\OsuMapDownloader.csproj", "{4F8C0AD4-3718-4872-A5AE-96B2AAD887BB}"
EndProject
Project("{FAE04EC0-301F-11D3-BF4B-00C04F79EFBC}") = "TestProject1", "TestProject1\TestProject1.csproj", "{ACEC5FD2-FC15-4B0D-A925-341863A27926}"
EndProject
Global
	GlobalSection(SolutionConfigurationPlatforms) = preSolution
		Debug|Any CPU = Debug|Any CPU
		Release|Any CPU = Release|Any CPU
	EndGlobalSection
	GlobalSection(ProjectConfigurationPlatforms) = postSolution
		{4F8C0AD4-3718-4872-A5AE-96B2AAD887BB}.Debug|Any CPU.ActiveCfg = Debug|Any CPU
		{4F8C0AD4-3718-4872-A5AE-96B2AAD887BB}.Debug|Any CPU.Build.0 = Debug|Any CPU
		{4F8C0AD4-3718-4872-A5AE-96B2AAD887BB}.Release|Any CPU.ActiveCfg = Release|Any CPU
		{4F8C0AD4-3718-4872-A5AE-96B2AAD887BB}.Release|Any CPU.Build.0 = Release|Any CPU
		{ACEC5FD2-FC15-4B0D-A925-341863A27926}.Debug|Any CPU.ActiveCfg = Debug|Any CPU
		{ACEC5FD2-FC15-4B0D-A925-341863A27926}.Debug|Any CPU.Build.0 = Debug|Any CPU
		{ACEC5FD2-FC15-4B0D-A925-341863A27926}.Release|Any CPU.ActiveCfg = Release|Any CPU
		{ACEC5FD2-FC15-4B0D-A925-341863A27926}.Release|Any CPU.Build.0 = Release|Any CPU
	EndGlobalSection
	GlobalSection(SolutionProperties) = preSolution
		HideSolutionNode = FALSE
	EndGlobalSection
	GlobalSection(ExtensibilityGlobals) = postSolution
		SolutionGuid = {2CA9798D-2A09-4CC1-A9F7-716404172088}
	EndGlobalSection
EndGlobal
